
Microsoft Visual Studio Solution File, Format Version 12.00
# Visual Studio Version 17
VisualStudioVersion = 17.1.32228.430
MinimumVisualStudioVersion = 10.0.40219.1
Project("{FAE04EC0-301F-11D3-BF4B-00C04F79EFBC}") = "SortedListConsoleApp", "ConsoleApp1\SortedListConsoleApp.csproj", "{BDF42D97-8F5C-4EB8-8B38-B76D9E397291}"
EndProject
Global
	GlobalSection(SolutionConfigurationPlatforms) = preSolution
		Debug|Any CPU = Debug|Any CPU
		Release|Any CPU = Release|Any CPU
	EndGlobalSection
	GlobalSection(ProjectConfigurationPlatforms) = postSolution
		{BDF42D97-8F5C-4EB8-8B38-B76D9E397291}.Debug|Any CPU.ActiveCfg = Debug|Any CPU
		{BDF42D97-8F5C-4EB8-8B38-B76D9E397291}.Debug|Any CPU.Build.0 = Debug|Any CPU
		{BDF42D97-8F5C-4EB8-8B38-B76D9E397291}.Release|Any CPU.ActiveCfg = Release|Any CPU
		{BDF42D97-8F5C-4EB8-8B38-B76D9E397291}.Release|Any CPU.Build.0 = Release|Any CPU
	EndGlobalSection
	GlobalSection(SolutionProperties) = preSolution
		HideSolutionNode = FALSE
	EndGlobalSection
	GlobalSection(ExtensibilityGlobals) = postSolution
		SolutionGuid = {C21B8875-D41A-425D-B530-1F5B6A1D7DFB}
	EndGlobalSection
EndGlobal
